
Microsoft Visual Studio Solution File, Format Version 12.00
# Visual Studio Version 17
VisualStudioVersion = 17.3.32901.215
MinimumVisualStudioVersion = 10.0.40219.1
Project("{8BC9CEB8-8B4A-11D0-8D11-00A0C91BC942}") = "IAT hook", "IAT hook.vcxproj", "{FE109671-D502-4B23-8D6D-E147BF1711CD}"
EndProject
Global
	GlobalSection(SolutionConfigurationPlatforms) = preSolution
		Debug|x64 = Debug|x64
		Debug|x86 = Debug|x86
		Release|x64 = Release|x64
		Release|x86 = Release|x86
	EndGlobalSection
	GlobalSection(ProjectConfigurationPlatforms) = postSolution
		{FE109671-D502-4B23-8D6D-E147BF1711CD}.Debug|x64.ActiveCfg = Debug|x64
		{FE109671-D502-4B23-8D6D-E147BF1711CD}.Debug|x64.Build.0 = Debug|x64
		{FE109671-D502-4B23-8D6D-E147BF1711CD}.Debug|x86.ActiveCfg = Debug|Win32
		{FE109671-D502-4B23-8D6D-E147BF1711CD}.Debug|x86.Build.0 = Debug|Win32
		{FE109671-D502-4B23-8D6D-E147BF1711CD}.Release|x64.ActiveCfg = Release|x64
		{FE109671-D502-4B23-8D6D-E147BF1711CD}.Release|x64.Build.0 = Release|x64
		{FE109671-D502-4B23-8D6D-E147BF1711CD}.Release|x86.ActiveCfg = Release|Win32
		{FE109671-D502-4B23-8D6D-E147BF1711CD}.Release|x86.Build.0 = Release|Win32
	EndGlobalSection
	GlobalSection(SolutionProperties) = preSolution
		HideSolutionNode = FALSE
	EndGlobalSection
	GlobalSection(ExtensibilityGlobals) = postSolution
		SolutionGuid = {A759DD17-C261-4DE2-AD9C-A1051A92FC1B}
	EndGlobalSection
EndGlobal
